
Microsoft Visual Studio Solution File, Format Version 12.00
# Visual Studio Version 17
VisualStudioVersion = 17.0.32014.148
MinimumVisualStudioVersion = 10.0.40219.1
Project("{FAE04EC0-301F-11D3-BF4B-00C04F79EFBC}") = "TomatoNotesWeb", "TomatoNotesWeb\TomatoNotesWeb.csproj", "{D56290CF-0582-4E64-94E2-8F7D0C604355}"
EndProject
Global
	GlobalSection(SolutionConfigurationPlatforms) = preSolution
		Debug|Any CPU = Debug|Any CPU
		Release|Any CPU = Release|Any CPU
	EndGlobalSection
	GlobalSection(ProjectConfigurationPlatforms) = postSolution
		{D56290CF-0582-4E64-94E2-8F7D0C604355}.Debug|Any CPU.ActiveCfg = Debug|Any CPU
		{D56290CF-0582-4E64-94E2-8F7D0C604355}.Debug|Any CPU.Build.0 = Debug|Any CPU
		{D56290CF-0582-4E64-94E2-8F7D0C604355}.Release|Any CPU.ActiveCfg = Release|Any CPU
		{D56290CF-0582-4E64-94E2-8F7D0C604355}.Release|Any CPU.Build.0 = Release|Any CPU
	EndGlobalSection
	GlobalSection(SolutionProperties) = preSolution
		HideSolutionNode = FALSE
	EndGlobalSection
	GlobalSection(ExtensibilityGlobals) = postSolution
		SolutionGuid = {83DBE206-A93D-499E-A05C-AF6631CF24A4}
	EndGlobalSection
EndGlobal
